
Microsoft Visual Studio Solution File, Format Version 12.00
# Visual Studio Version 16
VisualStudioVersion = 16.0.29905.134
MinimumVisualStudioVersion = 10.0.40219.1
Project("{9A19103F-16F7-4668-BE54-9A1E7A4F7556}") = "ASECII", "ASECII\ASECII.csproj", "{81497BDF-2C4F-45E9-B4BB-3BFA716E31B7}"
EndProject
Global
	GlobalSection(SolutionConfigurationPlatforms) = preSolution
		Debug|Any CPU = Debug|Any CPU
		Release|Any CPU = Release|Any CPU
	EndGlobalSection
	GlobalSection(ProjectConfigurationPlatforms) = postSolution
		{81497BDF-2C4F-45E9-B4BB-3BFA716E31B7}.Debug|Any CPU.ActiveCfg = Debug|Any CPU
		{81497BDF-2C4F-45E9-B4BB-3BFA716E31B7}.Debug|Any CPU.Build.0 = Debug|Any CPU
		{81497BDF-2C4F-45E9-B4BB-3BFA716E31B7}.Release|Any CPU.ActiveCfg = Release|Any CPU
		{81497BDF-2C4F-45E9-B4BB-3BFA716E31B7}.Release|Any CPU.Build.0 = Release|Any CPU
	EndGlobalSection
	GlobalSection(SolutionProperties) = preSolution
		HideSolutionNode = FALSE
	EndGlobalSection
	GlobalSection(ExtensibilityGlobals) = postSolution
		SolutionGuid = {C37F0ED3-D4F7-4DAF-8B89-57CF21343656}
	EndGlobalSection
EndGlobal
